// !$*UTF8*$!
{
	archiveVersion = 1;
	classes = {
	};
	objectVersion = 46;
	objects = {

/* Begin PBXBuildFile section */
		3744A7E0450CE0AC70EF9A6D /* Pods_Hail.framework in Frameworks */ = {isa = PBXBuildFile; fileRef = D94BAB2394187E754E800F5D /* Pods_Hail.framework */; };
		C1274B7C1F2FF77700D5D6A8 /* AppDelegate.swift in Sources */ = {isa = PBXBuildFile; fileRef = C1274B7B1F2FF77700D5D6A8 /* AppDelegate.swift */; };
		C1274B7E1F2FF77700D5D6A8 /* MainDashboard.swift in Sources */ = {isa = PBXBuildFile; fileRef = C1274B7D1F2FF77700D5D6A8 /* MainDashboard.swift */; };
		C1274B811F2FF77700D5D6A8 /* Main.storyboard in Resources */ = {isa = PBXBuildFile; fileRef = C1274B7F1F2FF77700D5D6A8 /* Main.storyboard */; };
		C1274B831F2FF77700D5D6A8 /* Assets.xcassets in Resources */ = {isa = PBXBuildFile; fileRef = C1274B821F2FF77700D5D6A8 /* Assets.xcassets */; };
		C1274B861F2FF77700D5D6A8 /* LaunchScreen.storyboard in Resources */ = {isa = PBXBuildFile; fileRef = C1274B841F2FF77700D5D6A8 /* LaunchScreen.storyboard */; };
		C1274B901F34108200D5D6A8 /* NewWalletViewController.swift in Sources */ = {isa = PBXBuildFile; fileRef = C1274B8F1F34108200D5D6A8 /* NewWalletViewController.swift */; };
		C1274B921F3522B700D5D6A8 /* DataManager.swift in Sources */ = {isa = PBXBuildFile; fileRef = C1274B911F3522B700D5D6A8 /* DataManager.swift */; };
		C13A65221F55BFD000A92741 /* ReceiveTransactionViewController.swift in Sources */ = {isa = PBXBuildFile; fileRef = C13A65211F55BFD000A92741 /* ReceiveTransactionViewController.swift */; };
		C1E031361F40C82C00A03BE6 /* NodeManager.swift in Sources */ = {isa = PBXBuildFile; fileRef = C1E031351F40C82C00A03BE6 /* NodeManager.swift */; };
		C1E031381F43782600A03BE6 /* NewTransactionViewController.swift in Sources */ = {isa = PBXBuildFile; fileRef = C1E031371F43782600A03BE6 /* NewTransactionViewController.swift */; };
/* End PBXBuildFile section */

/* Begin PBXFileReference section */
		7BACC4C4F8D4E5C011000A58 /* Pods-Hail.release.xcconfig */ = {isa = PBXFileReference; includeInIndex = 1; lastKnownFileType = text.xcconfig; name = "Pods-Hail.release.xcconfig"; path = "Pods/Target Support Files/Pods-Hail/Pods-Hail.release.xcconfig"; sourceTree = "<group>"; };
		8E9DD0846239B642D928331D /* Pods-Hail.debug.xcconfig */ = {isa = PBXFileReference; includeInIndex = 1; lastKnownFileType = text.xcconfig; name = "Pods-Hail.debug.xcconfig"; path = "Pods/Target Support Files/Pods-Hail/Pods-Hail.debug.xcconfig"; sourceTree = "<group>"; };
		C1274B781F2FF77700D5D6A8 /* Hail.app */ = {isa = PBXFileReference; explicitFileType = wrapper.application; includeInIndex = 0; path = Hail.app; sourceTree = BUILT_PRODUCTS_DIR; };
		C1274B7B1F2FF77700D5D6A8 /* AppDelegate.swift */ = {isa = PBXFileReference; lastKnownFileType = sourcecode.swift; path = AppDelegate.swift; sourceTree = "<group>"; };
		C1274B7D1F2FF77700D5D6A8 /* MainDashboard.swift */ = {isa = PBXFileReference; lastKnownFileType = sourcecode.swift; path = MainDashboard.swift; sourceTree = "<group>"; };
		C1274B801F2FF77700D5D6A8 /* Base */ = {isa = PBXFileReference; lastKnownFileType = file.storyboard; name = Base; path = Base.lproj/Main.storyboard; sourceTree = "<group>"; };
		C1274B821F2FF77700D5D6A8 /* Assets.xcassets */ = {isa = PBXFileReference; lastKnownFileType = folder.assetcatalog; path = Assets.xcassets; sourceTree = "<group>"; };
		C1274B851F2FF77700D5D6A8 /* Base */ = {isa = PBXFileReference; lastKnownFileType = file.storyboard; name = Base; path = Base.lproj/LaunchScreen.storyboard; sourceTree = "<group>"; };
		C1274B871F2FF77700D5D6A8 /* Info.plist */ = {isa = PBXFileReference; lastKnownFileType = text.plist.xml; path = Info.plist; sourceTree = "<group>"; };
		C1274B8F1F34108200D5D6A8 /* NewWalletViewController.swift */ = {isa = PBXFileReference; fileEncoding = 4; lastKnownFileType = sourcecode.swift; path = NewWalletViewController.swift; sourceTree = "<group>"; };
		C1274B911F3522B700D5D6A8 /* DataManager.swift */ = {isa = PBXFileReference; fileEncoding = 4; lastKnownFileType = sourcecode.swift; path = DataManager.swift; sourceTree = "<group>"; };
		C13A65211F55BFD000A92741 /* ReceiveTransactionViewController.swift */ = {isa = PBXFileReference; fileEncoding = 4; lastKnownFileType = sourcecode.swift; path = ReceiveTransactionViewController.swift; sourceTree = "<group>"; };
		C1E031351F40C82C00A03BE6 /* NodeManager.swift */ = {isa = PBXFileReference; fileEncoding = 4; lastKnownFileType = sourcecode.swift; path = NodeManager.swift; sourceTree = "<group>"; };
		C1E031371F43782600A03BE6 /* NewTransactionViewController.swift */ = {isa = PBXFileReference; fileEncoding = 4; lastKnownFileType = sourcecode.swift; path = NewTransactionViewController.swift; sourceTree = "<group>"; };
		D94BAB2394187E754E800F5D /* Pods_Hail.framework */ = {isa = PBXFileReference; explicitFileType = wrapper.framework; includeInIndex = 0; path = Pods_Hail.framework; sourceTree = BUILT_PRODUCTS_DIR; };
/* End PBXFileReference section */

/* Begin PBXFrameworksBuildPhase section */
		C1274B751F2FF77700D5D6A8 /* Frameworks */ = {
			isa = PBXFrameworksBuildPhase;
			buildActionMask = 2147483647;
			files = (
				3744A7E0450CE0AC70EF9A6D /* Pods_Hail.framework in Frameworks */,
			);
			runOnlyForDeploymentPostprocessing = 0;
		};
/* End PBXFrameworksBuildPhase section */

/* Begin PBXGroup section */
		0C9C181C52E2CDF4FCE02228 /* Pods */ = {
			isa = PBXGroup;
			children = (
				8E9DD0846239B642D928331D /* Pods-Hail.debug.xcconfig */,
				7BACC4C4F8D4E5C011000A58 /* Pods-Hail.release.xcconfig */,
			);
			name = Pods;
			sourceTree = "<group>";
		};
		47971E60990B448BA1B89645 /* Frameworks */ = {
			isa = PBXGroup;
			children = (
				D94BAB2394187E754E800F5D /* Pods_Hail.framework */,
			);
			name = Frameworks;
			sourceTree = "<group>";
		};
		C1274B6F1F2FF77700D5D6A8 = {
			isa = PBXGroup;
			children = (
				C1274B7A1F2FF77700D5D6A8 /* Hail */,
				C1274B791F2FF77700D5D6A8 /* Products */,
				0C9C181C52E2CDF4FCE02228 /* Pods */,
				47971E60990B448BA1B89645 /* Frameworks */,
			);
			sourceTree = "<group>";
		};
		C1274B791F2FF77700D5D6A8 /* Products */ = {
			isa = PBXGroup;
			children = (
				C1274B781F2FF77700D5D6A8 /* Hail.app */,
			);
			name = Products;
			sourceTree = "<group>";
		};
		C1274B7A1F2FF77700D5D6A8 /* Hail */ = {
			isa = PBXGroup;
			children = (
				C1274B7B1F2FF77700D5D6A8 /* AppDelegate.swift */,
				C1E031371F43782600A03BE6 /* NewTransactionViewController.swift */,
				C1274B7D1F2FF77700D5D6A8 /* MainDashboard.swift */,
				C1274B8F1F34108200D5D6A8 /* NewWalletViewController.swift */,
				C13A65211F55BFD000A92741 /* ReceiveTransactionViewController.swift */,
				C1274B911F3522B700D5D6A8 /* DataManager.swift */,
				C1E031351F40C82C00A03BE6 /* NodeManager.swift */,
				C1274B7F1F2FF77700D5D6A8 /* Main.storyboard */,
				C1274B821F2FF77700D5D6A8 /* Assets.xcassets */,
				C1274B841F2FF77700D5D6A8 /* LaunchScreen.storyboard */,
				C1274B871F2FF77700D5D6A8 /* Info.plist */,
			);
			path = Hail;
			sourceTree = "<group>";
		};
/* End PBXGroup section */

/* Begin PBXNativeTarget section */
		C1274B771F2FF77700D5D6A8 /* Hail */ = {
			isa = PBXNativeTarget;
			buildConfigurationList = C1274B8A1F2FF77700D5D6A8 /* Build configuration list for PBXNativeTarget "Hail" */;
			buildPhases = (
				891E9A7A19CB2AFCE2BE2471 /* [CP] Check Pods Manifest.lock */,
				C1274B741F2FF77700D5D6A8 /* Sources */,
				C1274B751F2FF77700D5D6A8 /* Frameworks */,
				C1274B761F2FF77700D5D6A8 /* Resources */,
				95F3E9FF1BF186ED3855A115 /* [CP] Embed Pods Frameworks */,
				EEA446FC860B68F3EA9F08EA /* [CP] Copy Pods Resources */,
			);
			buildRules = (
			);
			dependencies = (
			);
			name = Hail;
			productName = Hail;
			productReference = C1274B781F2FF77700D5D6A8 /* Hail.app */;
			productType = "com.apple.product-type.application";
		};
/* End PBXNativeTarget section */

/* Begin PBXProject section */
		C1274B701F2FF77700D5D6A8 /* Project object */ = {
			isa = PBXProject;
			attributes = {
				LastSwiftUpdateCheck = 0830;
				LastUpgradeCheck = 0830;
				ORGANIZATIONNAME = "Harsha Goli";
				TargetAttributes = {
					C1274B771F2FF77700D5D6A8 = {
						CreatedOnToolsVersion = 8.3.3;
						DevelopmentTeam = JMP9D48WN6;
						ProvisioningStyle = Automatic;
					};
				};
			};
			buildConfigurationList = C1274B731F2FF77700D5D6A8 /* Build configuration list for PBXProject "Hail" */;
			compatibilityVersion = "Xcode 3.2";
			developmentRegion = English;
			hasScannedForEncodings = 0;
			knownRegions = (
				en,
				Base,
			);
			mainGroup = C1274B6F1F2FF77700D5D6A8;
			productRefGroup = C1274B791F2FF77700D5D6A8 /* Products */;
			projectDirPath = "";
			projectRoot = "";
			targets = (
				C1274B771F2FF77700D5D6A8 /* Hail */,
			);
		};
/* End PBXProject section */

/* Begin PBXResourcesBuildPhase section */
		C1274B761F2FF77700D5D6A8 /* Resources */ = {
			isa = PBXResourcesBuildPhase;
			buildActionMask = 2147483647;
			files = (
				C1274B861F2FF77700D5D6A8 /* LaunchScreen.storyboard in Resources */,
				C1274B831F2FF77700D5D6A8 /* Assets.xcassets in Resources */,
				C1274B811F2FF77700D5D6A8 /* Main.storyboard in Resources */,
			);
			runOnlyForDeploymentPostprocessing = 0;
		};
/* End PBXResourcesBuildPhase section */

/* Begin PBXShellScriptBuildPhase section */
		891E9A7A19CB2AFCE2BE2471 /* [CP] Check Pods Manifest.lock */ = {
			isa = PBXShellScriptBuildPhase;
			buildActionMask = 2147483647;
			files = (
			);
			inputPaths = (
			);
			name = "[CP] Check Pods Manifest.lock";
			outputPaths = (
			);
			runOnlyForDeploymentPostprocessing = 0;
			shellPath = /bin/sh;
			shellScript = "diff \"${PODS_PODFILE_DIR_PATH}/Podfile.lock\" \"${PODS_ROOT}/Manifest.lock\" > /dev/null\nif [ $? != 0 ] ; then\n    # print error to STDERR\n    echo \"error: The sandbox is not in sync with the Podfile.lock. Run 'pod install' or update your CocoaPods installation.\" >&2\n    exit 1\nfi\n";
			showEnvVarsInLog = 0;
		};
		95F3E9FF1BF186ED3855A115 /* [CP] Embed Pods Frameworks */ = {
			isa = PBXShellScriptBuildPhase;
			buildActionMask = 2147483647;
			files = (
			);
			inputPaths = (
			);
			name = "[CP] Embed Pods Frameworks";
			outputPaths = (
			);
			runOnlyForDeploymentPostprocessing = 0;
			shellPath = /bin/sh;
			shellScript = "\"${SRCROOT}/Pods/Target Support Files/Pods-Hail/Pods-Hail-frameworks.sh\"\n";
			showEnvVarsInLog = 0;
		};
		EEA446FC860B68F3EA9F08EA /* [CP] Copy Pods Resources */ = {
			isa = PBXShellScriptBuildPhase;
			buildActionMask = 2147483647;
			files = (
			);
			inputPaths = (
			);
			name = "[CP] Copy Pods Resources";
			outputPaths = (
			);
			runOnlyForDeploymentPostprocessing = 0;
			shellPath = /bin/sh;
			shellScript = "\"${SRCROOT}/Pods/Target Support Files/Pods-Hail/Pods-Hail-resources.sh\"\n";
			showEnvVarsInLog = 0;
		};
/* End PBXShellScriptBuildPhase section */

/* Begin PBXSourcesBuildPhase section */
		C1274B741F2FF77700D5D6A8 /* Sources */ = {
			isa = PBXSourcesBuildPhase;
			buildActionMask = 2147483647;
			files = (
				C1274B921F3522B700D5D6A8 /* DataManager.swift in Sources */,
				C1274B7E1F2FF77700D5D6A8 /* MainDashboard.swift in Sources */,
				C1E031381F43782600A03BE6 /* NewTransactionViewController.swift in Sources */,
				C1274B901F34108200D5D6A8 /* NewWalletViewController.swift in Sources */,
				C13A65221F55BFD000A92741 /* ReceiveTransactionViewController.swift in Sources */,
				C1274B7C1F2FF77700D5D6A8 /* AppDelegate.swift in Sources */,
				C1E031361F40C82C00A03BE6 /* NodeManager.swift in Sources */,
			);
			runOnlyForDeploymentPostprocessing = 0;
		};
/* End PBXSourcesBuildPhase section */

/* Begin PBXVariantGroup section */
		C1274B7F1F2FF77700D5D6A8 /* Main.storyboard */ = {
			isa = PBXVariantGroup;
			children = (
				C1274B801F2FF77700D5D6A8 /* Base */,
			);
			name = Main.storyboard;
			sourceTree = "<group>";
		};
		C1274B841F2FF77700D5D6A8 /* LaunchScreen.storyboard */ = {
			isa = PBXVariantGroup;
			children = (
				C1274B851F2FF77700D5D6A8 /* Base */,
			);
			name = LaunchScreen.storyboard;
			sourceTree = "<group>";
		};
/* End PBXVariantGroup section */

/* Begin XCBuildConfiguration section */
		C1274B881F2FF77700D5D6A8 /* Debug */ = {
			isa = XCBuildConfiguration;
			buildSettings = {
				ALWAYS_SEARCH_USER_PATHS = NO;
				CLANG_ANALYZER_NONNULL = YES;
				CLANG_ANALYZER_NUMBER_OBJECT_CONVERSION = YES_AGGRESSIVE;
				CLANG_CXX_LANGUAGE_STANDARD = "gnu++0x";
				CLANG_CXX_LIBRARY = "libc++";
				CLANG_ENABLE_MODULES = YES;
				CLANG_ENABLE_OBJC_ARC = YES;
				CLANG_WARN_BOOL_CONVERSION = YES;
				CLANG_WARN_CONSTANT_CONVERSION = YES;
				CLANG_WARN_DIRECT_OBJC_ISA_USAGE = YES_ERROR;
				CLANG_WARN_DOCUMENTATION_COMMENTS = YES;
				CLANG_WARN_EMPTY_BODY = YES;
				CLANG_WARN_ENUM_CONVERSION = YES;
				CLANG_WARN_INFINITE_RECURSION = YES;
				CLANG_WARN_INT_CONVERSION = YES;
				CLANG_WARN_OBJC_ROOT_CLASS = YES_ERROR;
				CLANG_WARN_SUSPICIOUS_MOVE = YES;
				CLANG_WARN_UNREACHABLE_CODE = YES;
				CLANG_WARN__DUPLICATE_METHOD_MATCH = YES;
				"CODE_SIGN_IDENTITY[sdk=iphoneos*]" = "iPhone Developer";
				COPY_PHASE_STRIP = NO;
				DEBUG_INFORMATION_FORMAT = dwarf;
				ENABLE_STRICT_OBJC_MSGSEND = YES;
				ENABLE_TESTABILITY = YES;
				GCC_C_LANGUAGE_STANDARD = gnu99;
				GCC_DYNAMIC_NO_PIC = NO;
				GCC_NO_COMMON_BLOCKS = YES;
				GCC_OPTIMIZATION_LEVEL = 0;
				GCC_PREPROCESSOR_DEFINITIONS = (
					"DEBUG=1",
					"$(inherited)",
				);
				GCC_WARN_64_TO_32_BIT_CONVERSION = YES;
				GCC_WARN_ABOUT_RETURN_TYPE = YES_ERROR;
				GCC_WARN_UNDECLARED_SELECTOR = YES;
				GCC_WARN_UNINITIALIZED_AUTOS = YES_AGGRESSIVE;
				GCC_WARN_UNUSED_FUNCTION = YES;
				GCC_WARN_UNUSED_VARIABLE = YES;
				IPHONEOS_DEPLOYMENT_TARGET = 10.3;
				MTL_ENABLE_DEBUG_INFO = YES;
				ONLY_ACTIVE_ARCH = YES;
				SDKROOT = iphoneos;
				SWIFT_ACTIVE_COMPILATION_CONDITIONS = DEBUG;
				SWIFT_OPTIMIZATION_LEVEL = "-Onone";
				TARGETED_DEVICE_FAMILY = "1,2";
			};
			name = Debug;
		};
		C1274B891F2FF77700D5D6A8 /* Release */ = {
			isa = XCBuildConfiguration;
			buildSettings = {
				ALWAYS_SEARCH_USER_PATHS = NO;
				CLANG_ANALYZER_NONNULL = YES;
				CLANG_ANALYZER_NUMBER_OBJECT_CONVERSION = YES_AGGRESSIVE;
				CLANG_CXX_LANGUAGE_STANDARD = "gnu++0x";
				CLANG_CXX_LIBRARY = "libc++";
				CLANG_ENABLE_MODULES = YES;
				CLANG_ENABLE_OBJC_ARC = YES;
				CLANG_WARN_BOOL_CONVERSION = YES;
				CLANG_WARN_CONSTANT_CONVERSION = YES;
				CLANG_WARN_DIRECT_OBJC_ISA_USAGE = YES_ERROR;
				CLANG_WARN_DOCUMENTATION_COMMENTS = YES;
				CLANG_WARN_EMPTY_BODY = YES;
				CLANG_WARN_ENUM_CONVERSION = YES;
				CLANG_WARN_INFINITE_RECURSION = YES;
				CLANG_WARN_INT_CONVERSION = YES;
				CLANG_WARN_OBJC_ROOT_CLASS = YES_ERROR;
				CLANG_WARN_SUSPICIOUS_MOVE = YES;
				CLANG_WARN_UNREACHABLE_CODE = YES;
				CLANG_WARN__DUPLICATE_METHOD_MATCH = YES;
				"CODE_SIGN_IDENTITY[sdk=iphoneos*]" = "iPhone Developer";
				COPY_PHASE_STRIP = NO;
				DEBUG_INFORMATION_FORMAT = "dwarf-with-dsym";
				ENABLE_NS_ASSERTIONS = NO;
				ENABLE_STRICT_OBJC_MSGSEND = YES;
				GCC_C_LANGUAGE_STANDARD = gnu99;
				GCC_NO_COMMON_BLOCKS = YES;
				GCC_WARN_64_TO_32_BIT_CONVERSION = YES;
				GCC_WARN_ABOUT_RETURN_TYPE = YES_ERROR;
				GCC_WARN_UNDECLARED_SELECTOR = YES;
				GCC_WARN_UNINITIALIZED_AUTOS = YES_AGGRESSIVE;
				GCC_WARN_UNUSED_FUNCTION = YES;
				GCC_WARN_UNUSED_VARIABLE = YES;
				IPHONEOS_DEPLOYMENT_TARGET = 10.3;
				MTL_ENABLE_DEBUG_INFO = NO;
				SDKROOT = iphoneos;
				SWIFT_OPTIMIZATION_LEVEL = "-Owholemodule";
				TARGETED_DEVICE_FAMILY = "1,2";
				VALIDATE_PRODUCT = YES;
			};
			name = Release;
		};
		C1274B8B1F2FF77700D5D6A8 /* Debug */ = {
			isa = XCBuildConfiguration;
			baseConfigurationReference = 8E9DD0846239B642D928331D /* Pods-Hail.debug.xcconfig */;
			buildSettings = {
				ASSETCATALOG_COMPILER_APPICON_NAME = AppIcon;
				DEVELOPMENT_TEAM = JMP9D48WN6;
				INFOPLIST_FILE = Hail/Info.plist;
				IPHONEOS_DEPLOYMENT_TARGET = 10.0;
				LD_RUNPATH_SEARCH_PATHS = "$(inherited) @executable_path/Frameworks";
				PRODUCT_BUNDLE_IDENTIFIER = com.harsha.Hail;
				PRODUCT_NAME = "$(TARGET_NAME)";
				SWIFT_VERSION = 3.0;
			};
			name = Debug;
		};
		C1274B8C1F2FF77700D5D6A8 /* Release */ = {
			isa = XCBuildConfiguration;
			baseConfigurationReference = 7BACC4C4F8D4E5C011000A58 /* Pods-Hail.release.xcconfig */;
			buildSettings = {
				ASSETCATALOG_COMPILER_APPICON_NAME = AppIcon;
				DEVELOPMENT_TEAM = JMP9D48WN6;
				INFOPLIST_FILE = Hail/Info.plist;
				IPHONEOS_DEPLOYMENT_TARGET = 10.0;
				LD_RUNPATH_SEARCH_PATHS = "$(inherited) @executable_path/Frameworks";
				PRODUCT_BUNDLE_IDENTIFIER = com.harsha.Hail;
				PRODUCT_NAME = "$(TARGET_NAME)";
				SWIFT_VERSION = 3.0;
			};
			name = Release;
		};
/* End XCBuildConfiguration section */

/* Begin XCConfigurationList section */
		C1274B731F2FF77700D5D6A8 /* Build configuration list for PBXProject "Hail" */ = {
			isa = XCConfigurationList;
			buildConfigurations = (
				C1274B881F2FF77700D5D6A8 /* Debug */,
				C1274B891F2FF77700D5D6A8 /* Release */,
			);
			defaultConfigurationIsVisible = 0;
			defaultConfigurationName = Release;
		};
		C1274B8A1F2FF77700D5D6A8 /* Build configuration list for PBXNativeTarget "Hail" */ = {
			isa = XCConfigurationList;
			buildConfigurations = (
				C1274B8B1F2FF77700D5D6A8 /* Debug */,
				C1274B8C1F2FF77700D5D6A8 /* Release */,
			);
			defaultConfigurationIsVisible = 0;
			defaultConfigurationName = Release;
		};
/* End XCConfigurationList section */
	};
	rootObject = C1274B701F2FF77700D5D6A8 /* Project object */;
}
